{
    "version": 3,
    "terraform_version": "0.11.7",
    "serial": 33,
    "lineage": "2c7f9dee-e110-7156-26d0-9033dbc2285d",
    "modules": [
        {
            "path": [
                "root"
            ],
            "outputs": {
                "production_public_ip": {
                    "sensitive": false,
                    "type": "string",
                    "value": "18.211.123.192"
                }
            },
            "resources": {
                "aws_eip.web_platform_tests_live": {
                    "type": "aws_eip",
                    "depends_on": [
                        "aws_instance.web_platform_tests_live"
                    ],
                    "primary": {
                        "id": "eipalloc-e46c8eef",
                        "attributes": {
                            "association_id": "eipassoc-af6d4a04",
                            "domain": "vpc",
                            "id": "eipalloc-e46c8eef",
                            "instance": "i-07b857e5803ba6855",
                            "network_interface": "eni-6a4a915a",
                            "private_ip": "10.100.0.214",
                            "public_ip": "18.211.123.192",
                            "tags.%": "0",
                            "vpc": "true"
                        },
                        "meta": {
                            "e2bfb730-ecaa-11e6-8f88-34363bc7c4c0": {
                                "delete": 180000000000,
                                "read": 900000000000,
                                "update": 300000000000
                            }
                        },
                        "tainted": false
                    },
                    "deposed": [],
                    "provider": "provider.aws"
                },
                "aws_instance.web_platform_tests_live": {
                    "type": "aws_instance",
                    "depends_on": [
                        "aws_security_group.web_platform_tests_live",
                        "data.aws_ami.ubuntu",
                        "module.subnet"
                    ],
                    "primary": {
                        "id": "i-07b857e5803ba6855",
                        "attributes": {
                            "ami": "ami-5cc39523",
                            "associate_public_ip_address": "true",
                            "availability_zone": "us-east-1a",
                            "credit_specification.#": "1",
                            "credit_specification.0.cpu_credits": "standard",
                            "disable_api_termination": "false",
                            "ebs_block_device.#": "0",
                            "ebs_optimized": "false",
                            "ephemeral_block_device.#": "0",
                            "get_password_data": "false",
                            "iam_instance_profile": "",
                            "id": "i-07b857e5803ba6855",
                            "instance_state": "running",
                            "instance_type": "t2.small",
                            "ipv6_addresses.#": "0",
                            "key_name": "web-platform-tests-live",
                            "monitoring": "false",
                            "network_interface.#": "0",
                            "network_interface_id": "eni-6a4a915a",
                            "password_data": "",
                            "placement_group": "",
                            "primary_network_interface_id": "eni-6a4a915a",
                            "private_dns": "ip-10-100-0-214.ec2.internal",
                            "private_ip": "10.100.0.214",
                            "public_dns": "ec2-18-211-123-192.compute-1.amazonaws.com",
                            "public_ip": "18.211.123.192",
                            "root_block_device.#": "1",
                            "root_block_device.0.delete_on_termination": "true",
                            "root_block_device.0.iops": "100",
                            "root_block_device.0.volume_id": "vol-0a3150da3d5ccf450",
                            "root_block_device.0.volume_size": "8",
                            "root_block_device.0.volume_type": "gp2",
                            "security_groups.#": "0",
                            "source_dest_check": "true",
                            "subnet_id": "subnet-7b068921",
                            "tags.%": "1",
                            "tags.Name": "web-platform-tests-live-production",
                            "tenancy": "default",
                            "volume_tags.%": "0",
                            "vpc_security_group_ids.#": "1",
                            "vpc_security_group_ids.3177652631": "sg-7146d53b"
                        },
                        "meta": {
                            "e2bfb730-ecaa-11e6-8f88-34363bc7c4c0": {
                                "create": 600000000000,
                                "delete": 1200000000000,
                                "update": 600000000000
                            },
                            "schema_version": "1"
                        },
                        "tainted": false
                    },
                    "deposed": [],
                    "provider": "provider.aws"
                },
                "aws_route53_record.not_web_platform_tests_live_A_not_web_platform_tests_live": {
                    "type": "aws_route53_record",
                    "depends_on": [
                        "aws_eip.web_platform_tests_live",
                        "aws_route53_zone.not_web_platform_tests_live"
                    ],
                    "primary": {
                        "id": "Z1Q87OR1ICW3E7_not-web-platform-tests.live_A",
                        "attributes": {
                            "allow_overwrite": "true",
                            "fqdn": "not-web-platform-tests.live",
                            "health_check_id": "",
                            "id": "Z1Q87OR1ICW3E7_not-web-platform-tests.live_A",
                            "name": "not-web-platform-tests.live",
                            "records.#": "1",
                            "records.1806242825": "18.211.123.192",
                            "set_identifier": "",
                            "ttl": "1",
                            "type": "A",
                            "zone_id": "Z1Q87OR1ICW3E7"
                        },
                        "meta": {
                            "schema_version": "2"
                        },
                        "tainted": false
                    },
                    "deposed": [],
                    "provider": "provider.aws"
                },
                "aws_route53_record.not_web_platform_tests_live_CNAME_wildcard-not_web_platform_tests_live": {
                    "type": "aws_route53_record",
                    "depends_on": [
                        "aws_route53_zone.not_web_platform_tests_live"
                    ],
                    "primary": {
                        "id": "Z1Q87OR1ICW3E7_*_CNAME",
                        "attributes": {
                            "allow_overwrite": "true",
                            "fqdn": "*.not-web-platform-tests.live",
                            "health_check_id": "",
                            "id": "Z1Q87OR1ICW3E7_*_CNAME",
                            "name": "*",
                            "records.#": "1",
                            "records.926512970": "not-web-platform-tests.live",
                            "set_identifier": "",
                            "ttl": "1",
                            "type": "CNAME",
                            "zone_id": "Z1Q87OR1ICW3E7"
                        },
                        "meta": {
                            "schema_version": "2"
                        },
                        "tainted": false
                    },
                    "deposed": [],
                    "provider": "provider.aws"
                },
                "aws_route53_record.web_platform_tests_live_A_web_platform_tests_live": {
                    "type": "aws_route53_record",
                    "depends_on": [
                        "aws_eip.web_platform_tests_live",
                        "aws_route53_zone.web_platform_tests_live"
                    ],
                    "primary": {
                        "id": "Z2838GFD690E91_web-platform-tests.live_A",
                        "attributes": {
                            "allow_overwrite": "true",
                            "fqdn": "web-platform-tests.live",
                            "health_check_id": "",
                            "id": "Z2838GFD690E91_web-platform-tests.live_A",
                            "name": "web-platform-tests.live",
                            "records.#": "1",
                            "records.1806242825": "18.211.123.192",
                            "set_identifier": "",
                            "ttl": "1",
                            "type": "A",
                            "zone_id": "Z2838GFD690E91"
                        },
                        "meta": {
                            "schema_version": "2"
                        },
                        "tainted": false
                    },
                    "deposed": [],
                    "provider": "provider.aws"
                },
                "aws_route53_record.web_platform_tests_live_CNAME_wildcard-web_platform_tests_live": {
                    "type": "aws_route53_record",
                    "depends_on": [
                        "aws_route53_zone.web_platform_tests_live"
                    ],
                    "primary": {
                        "id": "Z2838GFD690E91_*_CNAME",
                        "attributes": {
                            "allow_overwrite": "true",
                            "fqdn": "*.web-platform-tests.live",
                            "health_check_id": "",
                            "id": "Z2838GFD690E91_*_CNAME",
                            "name": "*",
                            "records.#": "1",
                            "records.2512811851": "web-platform-tests.live",
                            "set_identifier": "",
                            "ttl": "1",
                            "type": "CNAME",
                            "zone_id": "Z2838GFD690E91"
                        },
                        "meta": {
                            "schema_version": "2"
                        },
                        "tainted": false
                    },
                    "deposed": [],
                    "provider": "provider.aws"
                },
                "aws_route53_zone.not_web_platform_tests_live": {
                    "type": "aws_route53_zone",
                    "depends_on": [],
                    "primary": {
                        "id": "Z1Q87OR1ICW3E7",
                        "attributes": {
                            "comment": "Managed by Terraform",
                            "force_destroy": "false",
                            "id": "Z1Q87OR1ICW3E7",
                            "name": "not-web-platform-tests.live",
                            "name_servers.#": "4",
                            "name_servers.0": "ns-1391.awsdns-45.org",
                            "name_servers.1": "ns-1613.awsdns-09.co.uk",
                            "name_servers.2": "ns-504.awsdns-63.com",
                            "name_servers.3": "ns-781.awsdns-33.net",
                            "tags.%": "0",
                            "zone_id": "Z1Q87OR1ICW3E7"
                        },
                        "meta": {},
                        "tainted": false
                    },
                    "deposed": [],
                    "provider": "provider.aws"
                },
                "aws_route53_zone.web_platform_tests_live": {
                    "type": "aws_route53_zone",
                    "depends_on": [],
                    "primary": {
                        "id": "Z2838GFD690E91",
                        "attributes": {
                            "comment": "Managed by Terraform",
                            "force_destroy": "false",
                            "id": "Z2838GFD690E91",
                            "name": "web-platform-tests.live",
                            "name_servers.#": "4",
                            "name_servers.0": "ns-139.awsdns-17.com",
                            "name_servers.1": "ns-1440.awsdns-52.org",
                            "name_servers.2": "ns-1571.awsdns-04.co.uk",
                            "name_servers.3": "ns-547.awsdns-04.net",
                            "tags.%": "0",
                            "zone_id": "Z2838GFD690E91"
                        },
                        "meta": {},
                        "tainted": false
                    },
                    "deposed": [],
                    "provider": "provider.aws"
                },
                "aws_security_group.web_platform_tests_live": {
                    "type": "aws_security_group",
                    "depends_on": [
                        "module.vpc"
                    ],
                    "primary": {
                        "id": "sg-7146d53b",
                        "attributes": {
                            "arn": "arn:aws:ec2:us-east-1:682416359150:security-group/sg-7146d53b",
                            "description": "Managed by Terraform",
                            "egress.#": "1",
                            "egress.482069346.cidr_blocks.#": "1",
                            "egress.482069346.cidr_blocks.0": "0.0.0.0/0",
                            "egress.482069346.description": "",
                            "egress.482069346.from_port": "0",
                            "egress.482069346.ipv6_cidr_blocks.#": "0",
                            "egress.482069346.prefix_list_ids.#": "0",
                            "egress.482069346.protocol": "-1",
                            "egress.482069346.security_groups.#": "0",
                            "egress.482069346.self": "false",
                            "egress.482069346.to_port": "0",
                            "id": "sg-7146d53b",
                            "ingress.#": "1",
                            "ingress.482069346.cidr_blocks.#": "1",
                            "ingress.482069346.cidr_blocks.0": "0.0.0.0/0",
                            "ingress.482069346.description": "",
                            "ingress.482069346.from_port": "0",
                            "ingress.482069346.ipv6_cidr_blocks.#": "0",
                            "ingress.482069346.protocol": "-1",
                            "ingress.482069346.security_groups.#": "0",
                            "ingress.482069346.self": "false",
                            "ingress.482069346.to_port": "0",
                            "name": "terraform-20180723191204226000000002",
                            "owner_id": "682416359150",
                            "revoke_rules_on_delete": "false",
                            "tags.%": "0",
                            "vpc_id": "vpc-eb65f992"
                        },
                        "meta": {
                            "e2bfb730-ecaa-11e6-8f88-34363bc7c4c0": {
                                "create": 600000000000,
                                "delete": 600000000000
                            },
                            "schema_version": "1"
                        },
                        "tainted": false
                    },
                    "deposed": [],
                    "provider": "provider.aws"
                },
                "data.aws_ami.ubuntu": {
                    "type": "aws_ami",
                    "depends_on": [],
                    "primary": {
                        "id": "ami-5cc39523",
                        "attributes": {
                            "architecture": "x86_64",
                            "block_device_mappings.#": "3",
                            "block_device_mappings.1634610537.device_name": "/dev/sdb",
                            "block_device_mappings.1634610537.ebs.%": "0",
                            "block_device_mappings.1634610537.no_device": "",
                            "block_device_mappings.1634610537.virtual_name": "ephemeral0",
                            "block_device_mappings.2547816212.device_name": "/dev/sda1",
                            "block_device_mappings.2547816212.ebs.%": "6",
                            "block_device_mappings.2547816212.ebs.delete_on_termination": "true",
                            "block_device_mappings.2547816212.ebs.encrypted": "false",
                            "block_device_mappings.2547816212.ebs.iops": "0",
                            "block_device_mappings.2547816212.ebs.snapshot_id": "snap-08eebedb7841b993f",
                            "block_device_mappings.2547816212.ebs.volume_size": "8",
                            "block_device_mappings.2547816212.ebs.volume_type": "gp2",
                            "block_device_mappings.2547816212.no_device": "",
                            "block_device_mappings.2547816212.virtual_name": "",
                            "block_device_mappings.3850042718.device_name": "/dev/sdc",
                            "block_device_mappings.3850042718.ebs.%": "0",
                            "block_device_mappings.3850042718.no_device": "",
                            "block_device_mappings.3850042718.virtual_name": "ephemeral1",
                            "creation_date": "2018-06-22T19:46:57.000Z",
                            "description": "Canonical, Ubuntu, 18.04 LTS, amd64 bionic image build on 2018-06-17",
                            "filter.#": "2",
                            "filter.4078525811.name": "name",
                            "filter.4078525811.values.#": "1",
                            "filter.4078525811.values.0": "ubuntu/images/hvm-ssd/ubuntu-bionic-18.04-amd64-server-20180617",
                            "filter.490168357.name": "virtualization-type",
                            "filter.490168357.values.#": "1",
                            "filter.490168357.values.0": "hvm",
                            "hypervisor": "xen",
                            "id": "ami-5cc39523",
                            "image_id": "ami-5cc39523",
                            "image_location": "099720109477/ubuntu/images/hvm-ssd/ubuntu-bionic-18.04-amd64-server-20180617",
                            "image_type": "machine",
                            "most_recent": "true",
                            "name": "ubuntu/images/hvm-ssd/ubuntu-bionic-18.04-amd64-server-20180617",
                            "owner_id": "099720109477",
                            "owners.#": "1",
                            "owners.0": "099720109477",
                            "product_codes.#": "0",
                            "public": "true",
                            "root_device_name": "/dev/sda1",
                            "root_device_type": "ebs",
                            "root_snapshot_id": "snap-08eebedb7841b993f",
                            "sriov_net_support": "simple",
                            "state": "available",
                            "state_reason.%": "2",
                            "state_reason.code": "UNSET",
                            "state_reason.message": "UNSET",
                            "tags.%": "0",
                            "virtualization_type": "hvm"
                        },
                        "meta": {},
                        "tainted": false
                    },
                    "deposed": [],
                    "provider": "provider.aws"
                },
                "data.aws_availability_zones.available": {
                    "type": "aws_availability_zones",
                    "depends_on": [],
                    "primary": {
                        "id": "2018-08-20 01:38:45.037064591 +0000 UTC",
                        "attributes": {
                            "id": "2018-08-20 01:38:45.037064591 +0000 UTC",
                            "names.#": "6",
                            "names.0": "us-east-1a",
                            "names.1": "us-east-1b",
                            "names.2": "us-east-1c",
                            "names.3": "us-east-1d",
                            "names.4": "us-east-1e",
                            "names.5": "us-east-1f"
                        },
                        "meta": {},
                        "tainted": false
                    },
                    "deposed": [],
                    "provider": "provider.aws"
                },
                "github_repository_collaborator.a_repo_collaborator": {
                    "type": "github_repository_collaborator",
                    "depends_on": [],
                    "primary": {
                        "id": "web-platform-tests.live:sideshowbarker",
                        "attributes": {
                            "id": "web-platform-tests.live:sideshowbarker",
                            "permission": "push",
                            "repository": "web-platform-tests.live",
                            "username": "sideshowbarker"
                        },
                        "meta": {},
                        "tainted": false
                    },
                    "deposed": [],
                    "provider": "provider.github"
                }
            },
            "depends_on": []
        },
        {
            "path": [
                "root",
                "subnet"
            ],
            "outputs": {
                "cidr_blocks": {
                    "sensitive": false,
                    "type": "list",
                    "value": [
                        "10.100.0.0/24",
                        "10.100.1.0/24",
                        "10.100.2.0/24"
                    ]
                },
                "ids": {
                    "sensitive": false,
                    "type": "list",
                    "value": [
                        "subnet-7b068921",
                        "subnet-a28760c6",
                        "subnet-d049defc"
                    ]
                },
                "route_table_id": {
                    "sensitive": false,
                    "type": "string",
                    "value": "rtb-5452702c"
                }
            },
            "resources": {
                "aws_internet_gateway.main": {
                    "type": "aws_internet_gateway",
                    "depends_on": [],
                    "primary": {
                        "id": "igw-0d38756b",
                        "attributes": {
                            "id": "igw-0d38756b",
                            "tags.%": "1",
                            "tags.Name": "web-platform",
                            "vpc_id": "vpc-eb65f992"
                        },
                        "meta": {},
                        "tainted": false
                    },
                    "deposed": [],
                    "provider": "provider.aws"
                },
                "aws_network_acl.main": {
                    "type": "aws_network_acl",
                    "depends_on": [],
                    "primary": {
                        "id": "acl-2b7d7b52",
                        "attributes": {
                            "egress.#": "1",
                            "egress.1401401844.action": "allow",
                            "egress.1401401844.cidr_block": "0.0.0.0/0",
                            "egress.1401401844.from_port": "0",
                            "egress.1401401844.icmp_code": "0",
                            "egress.1401401844.icmp_type": "0",
                            "egress.1401401844.ipv6_cidr_block": "",
                            "egress.1401401844.protocol": "-1",
                            "egress.1401401844.rule_no": "100",
                            "egress.1401401844.to_port": "0",
                            "id": "acl-2b7d7b52",
                            "ingress.#": "1",
                            "ingress.1401401844.action": "allow",
                            "ingress.1401401844.cidr_block": "0.0.0.0/0",
                            "ingress.1401401844.from_port": "0",
                            "ingress.1401401844.icmp_code": "0",
                            "ingress.1401401844.icmp_type": "0",
                            "ingress.1401401844.ipv6_cidr_block": "",
                            "ingress.1401401844.protocol": "-1",
                            "ingress.1401401844.rule_no": "100",
                            "ingress.1401401844.to_port": "0",
                            "subnet_ids.#": "3",
                            "subnet_ids.2117191030": "subnet-d049defc",
                            "subnet_ids.3084702540": "subnet-7b068921",
                            "subnet_ids.79289965": "subnet-a28760c6",
                            "tags.%": "1",
                            "tags.Name": "web-platform",
                            "vpc_id": "vpc-eb65f992"
                        },
                        "meta": {},
                        "tainted": false
                    },
                    "deposed": [],
                    "provider": "provider.aws"
                },
                "aws_route.main": {
                    "type": "aws_route",
                    "depends_on": [],
                    "primary": {
                        "id": "r-rtb-5452702c1080289494",
                        "attributes": {
                            "destination_cidr_block": "0.0.0.0/0",
                            "destination_ipv6_cidr_block": "",
                            "destination_prefix_list_id": "",
                            "egress_only_gateway_id": "",
                            "gateway_id": "igw-0d38756b",
                            "id": "r-rtb-5452702c1080289494",
                            "instance_id": "",
                            "instance_owner_id": "",
                            "nat_gateway_id": "",
                            "network_interface_id": "",
                            "origin": "CreateRoute",
                            "route_table_id": "rtb-5452702c",
                            "state": "active",
                            "vpc_peering_connection_id": ""
                        },
                        "meta": {
                            "e2bfb730-ecaa-11e6-8f88-34363bc7c4c0": {
                                "create": 120000000000,
                                "delete": 300000000000
                            }
                        },
                        "tainted": false
                    },
                    "deposed": [],
                    "provider": "provider.aws"
                },
                "aws_route_table.main": {
                    "type": "aws_route_table",
                    "depends_on": [],
                    "primary": {
                        "id": "rtb-5452702c",
                        "attributes": {
                            "id": "rtb-5452702c",
                            "propagating_vgws.#": "0",
                            "route.#": "1",
                            "route.3213985265.cidr_block": "0.0.0.0/0",
                            "route.3213985265.egress_only_gateway_id": "",
                            "route.3213985265.gateway_id": "igw-0d38756b",
                            "route.3213985265.instance_id": "",
                            "route.3213985265.ipv6_cidr_block": "",
                            "route.3213985265.nat_gateway_id": "",
                            "route.3213985265.network_interface_id": "",
                            "route.3213985265.vpc_peering_connection_id": "",
                            "tags.%": "1",
                            "tags.Name": "web-platform",
                            "vpc_id": "vpc-eb65f992"
                        },
                        "meta": {},
                        "tainted": false
                    },
                    "deposed": [],
                    "provider": "provider.aws"
                },
                "aws_route_table_association.main.0": {
                    "type": "aws_route_table_association",
                    "depends_on": [],
                    "primary": {
                        "id": "rtbassoc-5e283525",
                        "attributes": {
                            "id": "rtbassoc-5e283525",
                            "route_table_id": "rtb-5452702c",
                            "subnet_id": "subnet-7b068921"
                        },
                        "meta": {},
                        "tainted": false
                    },
                    "deposed": [],
                    "provider": "provider.aws"
                },
                "aws_route_table_association.main.1": {
                    "type": "aws_route_table_association",
                    "depends_on": [],
                    "primary": {
                        "id": "rtbassoc-2c352857",
                        "attributes": {
                            "id": "rtbassoc-2c352857",
                            "route_table_id": "rtb-5452702c",
                            "subnet_id": "subnet-a28760c6"
                        },
                        "meta": {},
                        "tainted": false
                    },
                    "deposed": [],
                    "provider": "provider.aws"
                },
                "aws_route_table_association.main.2": {
                    "type": "aws_route_table_association",
                    "depends_on": [],
                    "primary": {
                        "id": "rtbassoc-e625389d",
                        "attributes": {
                            "id": "rtbassoc-e625389d",
                            "route_table_id": "rtb-5452702c",
                            "subnet_id": "subnet-d049defc"
                        },
                        "meta": {},
                        "tainted": false
                    },
                    "deposed": [],
                    "provider": "provider.aws"
                },
                "aws_subnet.main.0": {
                    "type": "aws_subnet",
                    "depends_on": [],
                    "primary": {
                        "id": "subnet-7b068921",
                        "attributes": {
                            "assign_ipv6_address_on_creation": "false",
                            "availability_zone": "us-east-1a",
                            "cidr_block": "10.100.0.0/24",
                            "id": "subnet-7b068921",
                            "map_public_ip_on_launch": "true",
                            "tags.%": "1",
                            "tags.Name": "web-platform-0",
                            "vpc_id": "vpc-eb65f992"
                        },
                        "meta": {
                            "schema_version": "1"
                        },
                        "tainted": false
                    },
                    "deposed": [],
                    "provider": "provider.aws"
                },
                "aws_subnet.main.1": {
                    "type": "aws_subnet",
                    "depends_on": [],
                    "primary": {
                        "id": "subnet-a28760c6",
                        "attributes": {
                            "assign_ipv6_address_on_creation": "false",
                            "availability_zone": "us-east-1b",
                            "cidr_block": "10.100.1.0/24",
                            "id": "subnet-a28760c6",
                            "map_public_ip_on_launch": "true",
                            "tags.%": "1",
                            "tags.Name": "web-platform-1",
                            "vpc_id": "vpc-eb65f992"
                        },
                        "meta": {
                            "schema_version": "1"
                        },
                        "tainted": false
                    },
                    "deposed": [],
                    "provider": "provider.aws"
                },
                "aws_subnet.main.2": {
                    "type": "aws_subnet",
                    "depends_on": [],
                    "primary": {
                        "id": "subnet-d049defc",
                        "attributes": {
                            "assign_ipv6_address_on_creation": "false",
                            "availability_zone": "us-east-1c",
                            "cidr_block": "10.100.2.0/24",
                            "id": "subnet-d049defc",
                            "map_public_ip_on_launch": "true",
                            "tags.%": "1",
                            "tags.Name": "web-platform-2",
                            "vpc_id": "vpc-eb65f992"
                        },
                        "meta": {
                            "schema_version": "1"
                        },
                        "tainted": false
                    },
                    "deposed": [],
                    "provider": "provider.aws"
                }
            },
            "depends_on": []
        },
        {
            "path": [
                "root",
                "vpc"
            ],
            "outputs": {
                "cidr": {
                    "sensitive": false,
                    "type": "string",
                    "value": "10.100.0.0/16"
                },
                "id": {
                    "sensitive": false,
                    "type": "string",
                    "value": "vpc-eb65f992"
                }
            },
            "resources": {
                "aws_vpc.main": {
                    "type": "aws_vpc",
                    "depends_on": [],
                    "primary": {
                        "id": "vpc-eb65f992",
                        "attributes": {
                            "assign_generated_ipv6_cidr_block": "false",
                            "cidr_block": "10.100.0.0/16",
                            "default_network_acl_id": "acl-48000631",
                            "default_route_table_id": "rtb-0a507272",
                            "default_security_group_id": "sg-28d99c59",
                            "dhcp_options_id": "dopt-423c0427",
                            "enable_classiclink": "false",
                            "enable_classiclink_dns_support": "false",
                            "enable_dns_hostnames": "true",
                            "enable_dns_support": "true",
                            "id": "vpc-eb65f992",
                            "instance_tenancy": "default",
                            "main_route_table_id": "rtb-0a507272",
                            "tags.%": "1",
                            "tags.Name": "web-platform"
                        },
                        "meta": {
                            "schema_version": "1"
                        },
                        "tainted": false
                    },
                    "deposed": [],
                    "provider": "provider.aws"
                }
            },
            "depends_on": []
        },
        {
            "path": [
                "root",
                "web_platform_tests_live_health_check"
            ],
            "outputs": {},
            "resources": {
                "aws_cloudwatch_metric_alarm.main": {
                    "type": "aws_cloudwatch_metric_alarm",
                    "depends_on": [
                        "aws_route53_health_check.main"
                    ],
                    "primary": {
                        "id": "health of web-platform-tests.live",
                        "attributes": {
                            "actions_enabled": "true",
                            "alarm_actions.#": "1",
                            "alarm_actions.773202137": "arn:aws:sns:us-east-1:682416359150:web-platform-domains-health-check",
                            "alarm_description": "Health monitoring for web-platform-tests.live.",
                            "alarm_name": "health of web-platform-tests.live",
                            "comparison_operator": "LessThanThreshold",
                            "datapoints_to_alarm": "0",
                            "dimensions.%": "1",
                            "dimensions.HealthCheckId": "6de5e244-c9c5-4627-b913-d6c21cdc8dc5",
                            "evaluate_low_sample_count_percentiles": "",
                            "evaluation_periods": "1",
                            "extended_statistic": "",
                            "id": "health of web-platform-tests.live",
                            "insufficient_data_actions.#": "0",
                            "metric_name": "HealthCheckStatus",
                            "namespace": "AWS/Route53",
                            "ok_actions.#": "1",
                            "ok_actions.773202137": "arn:aws:sns:us-east-1:682416359150:web-platform-domains-health-check",
                            "period": "60",
                            "statistic": "Minimum",
                            "threshold": "1",
                            "treat_missing_data": "missing",
                            "unit": ""
                        },
                        "meta": {
                            "schema_version": "1"
                        },
                        "tainted": false
                    },
                    "deposed": [],
                    "provider": "provider.aws"
                },
                "aws_route53_health_check.main": {
                    "type": "aws_route53_health_check",
                    "depends_on": [],
                    "primary": {
                        "id": "6de5e244-c9c5-4627-b913-d6c21cdc8dc5",
                        "attributes": {
                            "child_health_threshold": "0",
                            "child_healthchecks.#": "0",
                            "enable_sni": "true",
                            "failure_threshold": "1",
                            "fqdn": "web-platform-tests.live",
                            "id": "6de5e244-c9c5-4627-b913-d6c21cdc8dc5",
                            "insufficient_data_health_status": "",
                            "invert_healthcheck": "false",
                            "ip_address": "",
                            "measure_latency": "true",
                            "port": "443",
                            "regions.#": "0",
                            "request_interval": "30",
                            "resource_path": "/?aws-health-check",
                            "search_string": "",
                            "tags.%": "0",
                            "type": "HTTPS"
                        },
                        "meta": {},
                        "tainted": false
                    },
                    "deposed": [],
                    "provider": "provider.aws"
                }
            },
            "depends_on": []
        }
    ]
}
